
Microsoft Visual Studio Solution File, Format Version 12.00
# Visual Studio Version 17
VisualStudioVersion = 17.0.31903.59
MinimumVisualStudioVersion = 10.0.40219.1
Project("{FAE04EC0-301F-11D3-BF4B-00C04F79EFBC}") = "2023", "2023\2023.csproj", "{337F993A-3A4F-4DB4-9369-B0D9BA596AEB}"
EndProject
Global
	GlobalSection(SolutionConfigurationPlatforms) = preSolution
		Debug|Any CPU = Debug|Any CPU
		Release|Any CPU = Release|Any CPU
	EndGlobalSection
	GlobalSection(SolutionProperties) = preSolution
		HideSolutionNode = FALSE
	EndGlobalSection
	GlobalSection(ProjectConfigurationPlatforms) = postSolution
		{337F993A-3A4F-4DB4-9369-B0D9BA596AEB}.Debug|Any CPU.ActiveCfg = Debug|Any CPU
		{337F993A-3A4F-4DB4-9369-B0D9BA596AEB}.Debug|Any CPU.Build.0 = Debug|Any CPU
		{337F993A-3A4F-4DB4-9369-B0D9BA596AEB}.Release|Any CPU.ActiveCfg = Release|Any CPU
		{337F993A-3A4F-4DB4-9369-B0D9BA596AEB}.Release|Any CPU.Build.0 = Release|Any CPU
	EndGlobalSection
EndGlobal
